// !$*UTF8*$!
{
	archiveVersion = 1;
	classes = {
	};
	objectVersion = 46;
	objects = {

/* Begin PBXBuildFile section */
		3E4023E11A149DC100355705 /* AppDelegate.swift in Sources */ = {isa = PBXBuildFile; fileRef = 3E4023E01A149DC100355705 /* AppDelegate.swift */; };
		3E4023E31A149DC100355705 /* ViewController.swift in Sources */ = {isa = PBXBuildFile; fileRef = 3E4023E21A149DC100355705 /* ViewController.swift */; };
		3E4023E61A149DC100355705 /* Main.storyboard in Resources */ = {isa = PBXBuildFile; fileRef = 3E4023E41A149DC100355705 /* Main.storyboard */; };
		3E4023E81A149DC100355705 /* Images.xcassets in Resources */ = {isa = PBXBuildFile; fileRef = 3E4023E71A149DC100355705 /* Images.xcassets */; };
		3E4023EB1A149DC100355705 /* LaunchScreen.xib in Resources */ = {isa = PBXBuildFile; fileRef = 3E4023E91A149DC100355705 /* LaunchScreen.xib */; };
		3E4023F71A149DC100355705 /* MyProTests.swift in Sources */ = {isa = PBXBuildFile; fileRef = 3E4023F61A149DC100355705 /* MyProTests.swift */; };
		3EDD24021A2A36D700C6EBA0 /* AppDelegate_description.txt in Resources */ = {isa = PBXBuildFile; fileRef = 3EDD24011A2A36D700C6EBA0 /* AppDelegate_description.txt */; };
		3EDD24041A2A370B00C6EBA0 /* General_description.txt in Resources */ = {isa = PBXBuildFile; fileRef = 3EDD24031A2A370B00C6EBA0 /* General_description.txt */; };
		3EDD24061A2A375F00C6EBA0 /* Helper_description.txt in Resources */ = {isa = PBXBuildFile; fileRef = 3EDD24051A2A375F00C6EBA0 /* Helper_description.txt */; };
		3EDD24081A2A37B400C6EBA0 /* Macro_description.txt in Resources */ = {isa = PBXBuildFile; fileRef = 3EDD24071A2A37B400C6EBA0 /* Macro_description.txt */; };
		3EDD240A1A2A381600C6EBA0 /* Resources_description.txt in Resources */ = {isa = PBXBuildFile; fileRef = 3EDD24091A2A381600C6EBA0 /* Resources_description.txt */; };
		3EDD240C1A2A383E00C6EBA0 /* Sections_description.txt in Resources */ = {isa = PBXBuildFile; fileRef = 3EDD240B1A2A383E00C6EBA0 /* Sections_description.txt */; };
		3EDD240E1A2A385E00C6EBA0 /* Vendors_description.txt in Resources */ = {isa = PBXBuildFile; fileRef = 3EDD240D1A2A385E00C6EBA0 /* Vendors_description.txt */; };
		3EDD24101A2A388C00C6EBA0 /* Models_description.txt in Resources */ = {isa = PBXBuildFile; fileRef = 3EDD240F1A2A388C00C6EBA0 /* Models_description.txt */; };
		3EDD24131A2A39C500C6EBA0 /* icon@2x.png in Resources */ = {isa = PBXBuildFile; fileRef = 3EDD24121A2A39C500C6EBA0 /* icon@2x.png */; };
		3EDD24161A2AAF4700C6EBA0 /* CloudKit.framework in Frameworks */ = {isa = PBXBuildFile; fileRef = 3EDD24151A2AAF4700C6EBA0 /* CloudKit.framework */; };
		3EE7B6EC1A2B53250081AC07 /* MainMenuVC.swift in Sources */ = {isa = PBXBuildFile; fileRef = 3EE7B6EB1A2B53250081AC07 /* MainMenuVC.swift */; };
/* End PBXBuildFile section */

/* Begin PBXContainerItemProxy section */
		3E4023F11A149DC100355705 /* PBXContainerItemProxy */ = {
			isa = PBXContainerItemProxy;
			containerPortal = 3E4023D31A149DC100355705 /* Project object */;
			proxyType = 1;
			remoteGlobalIDString = 3E4023DA1A149DC100355705;
			remoteInfo = MyPro;
		};
/* End PBXContainerItemProxy section */

/* Begin PBXFileReference section */
		3E4023DB1A149DC100355705 /* MyPro.app */ = {isa = PBXFileReference; explicitFileType = wrapper.application; includeInIndex = 0; path = MyPro.app; sourceTree = BUILT_PRODUCTS_DIR; };
		3E4023DF1A149DC100355705 /* Info.plist */ = {isa = PBXFileReference; lastKnownFileType = text.plist.xml; path = Info.plist; sourceTree = "<group>"; };
		3E4023E01A149DC100355705 /* AppDelegate.swift */ = {isa = PBXFileReference; lastKnownFileType = sourcecode.swift; name = AppDelegate.swift; path = MyPro/AppDelegate.swift; sourceTree = "<group>"; };
		3E4023E21A149DC100355705 /* ViewController.swift */ = {isa = PBXFileReference; lastKnownFileType = sourcecode.swift; path = ViewController.swift; sourceTree = "<group>"; };
		3E4023E51A149DC100355705 /* Base */ = {isa = PBXFileReference; lastKnownFileType = file.storyboard; name = Base; path = Base.lproj/Main.storyboard; sourceTree = "<group>"; };
		3E4023E71A149DC100355705 /* Images.xcassets */ = {isa = PBXFileReference; lastKnownFileType = folder.assetcatalog; path = Images.xcassets; sourceTree = "<group>"; };
		3E4023EA1A149DC100355705 /* Base */ = {isa = PBXFileReference; lastKnownFileType = file.xib; name = Base; path = Base.lproj/LaunchScreen.xib; sourceTree = "<group>"; };
		3E4023F01A149DC100355705 /* MyProTests.xctest */ = {isa = PBXFileReference; explicitFileType = wrapper.cfbundle; includeInIndex = 0; path = MyProTests.xctest; sourceTree = BUILT_PRODUCTS_DIR; };
		3E4023F51A149DC100355705 /* Info.plist */ = {isa = PBXFileReference; lastKnownFileType = text.plist.xml; path = Info.plist; sourceTree = "<group>"; };
		3E4023F61A149DC100355705 /* MyProTests.swift */ = {isa = PBXFileReference; lastKnownFileType = sourcecode.swift; path = MyProTests.swift; sourceTree = "<group>"; };
		3E58EDBE1A1595F60023BF89 /* MyPlayground.playground */ = {isa = PBXFileReference; lastKnownFileType = file.playground; path = MyPlayground.playground; sourceTree = "<group>"; };
		3EDD24011A2A36D700C6EBA0 /* AppDelegate_description.txt */ = {isa = PBXFileReference; fileEncoding = 4; lastKnownFileType = text; path = AppDelegate_description.txt; sourceTree = "<group>"; };
		3EDD24031A2A370B00C6EBA0 /* General_description.txt */ = {isa = PBXFileReference; fileEncoding = 4; lastKnownFileType = text; path = General_description.txt; sourceTree = "<group>"; };
		3EDD24051A2A375F00C6EBA0 /* Helper_description.txt */ = {isa = PBXFileReference; fileEncoding = 4; lastKnownFileType = text; path = Helper_description.txt; sourceTree = "<group>"; };
		3EDD24071A2A37B400C6EBA0 /* Macro_description.txt */ = {isa = PBXFileReference; fileEncoding = 4; lastKnownFileType = text; path = Macro_description.txt; sourceTree = "<group>"; };
		3EDD24091A2A381600C6EBA0 /* Resources_description.txt */ = {isa = PBXFileReference; fileEncoding = 4; lastKnownFileType = text; path = Resources_description.txt; sourceTree = "<group>"; };
		3EDD240B1A2A383E00C6EBA0 /* Sections_description.txt */ = {isa = PBXFileReference; fileEncoding = 4; lastKnownFileType = text; path = Sections_description.txt; sourceTree = "<group>"; };
		3EDD240D1A2A385E00C6EBA0 /* Vendors_description.txt */ = {isa = PBXFileReference; fileEncoding = 4; lastKnownFileType = text; path = Vendors_description.txt; sourceTree = "<group>"; };
		3EDD240F1A2A388C00C6EBA0 /* Models_description.txt */ = {isa = PBXFileReference; fileEncoding = 4; lastKnownFileType = text; path = Models_description.txt; sourceTree = "<group>"; };
		3EDD24121A2A39C500C6EBA0 /* icon@2x.png */ = {isa = PBXFileReference; lastKnownFileType = image.png; name = "icon@2x.png"; path = "../../../icon@2x.png"; sourceTree = "<group>"; };
		3EDD24141A2AADAC00C6EBA0 /* MyPro.entitlements */ = {isa = PBXFileReference; lastKnownFileType = text.xml; path = MyPro.entitlements; sourceTree = "<group>"; };
		3EDD24151A2AAF4700C6EBA0 /* CloudKit.framework */ = {isa = PBXFileReference; lastKnownFileType = wrapper.framework; name = CloudKit.framework; path = System/Library/Frameworks/CloudKit.framework; sourceTree = SDKROOT; };
		3EE7B6EB1A2B53250081AC07 /* MainMenuVC.swift */ = {isa = PBXFileReference; fileEncoding = 4; lastKnownFileType = sourcecode.swift; path = MainMenuVC.swift; sourceTree = "<group>"; };
/* End PBXFileReference section */

/* Begin PBXFrameworksBuildPhase section */
		3E4023D81A149DC100355705 /* Frameworks */ = {
			isa = PBXFrameworksBuildPhase;
			buildActionMask = 2147483647;
			files = (
				3EDD24161A2AAF4700C6EBA0 /* CloudKit.framework in Frameworks */,
			);
			runOnlyForDeploymentPostprocessing = 0;
		};
		3E4023ED1A149DC100355705 /* Frameworks */ = {
			isa = PBXFrameworksBuildPhase;
			buildActionMask = 2147483647;
			files = (
			);
			runOnlyForDeploymentPostprocessing = 0;
		};
/* End PBXFrameworksBuildPhase section */

/* Begin PBXGroup section */
		3E4023D21A149DC100355705 = {
			isa = PBXGroup;
			children = (
				3EDD24151A2AAF4700C6EBA0 /* CloudKit.framework */,
				3EDD23F91A2A348800C6EBA0 /* AppDelegate */,
				3EDD23FC1A2A34B600C6EBA0 /* General */,
				3EDD23FD1A2A354000C6EBA0 /* Helpers */,
				3EDD23FB1A2A34AA00C6EBA0 /* Macro */,
				3EDD23FA1A2A349800C6EBA0 /* Models */,
				3E4023DD1A149DC100355705 /* MyPro */,
				3E4023F31A149DC100355705 /* MyProTests */,
				3E4023DC1A149DC100355705 /* Products */,
				3EDD24001A2A356100C6EBA0 /* Resources */,
				3EDD23FF1A2A355700C6EBA0 /* Sections */,
				3EDD23FE1A2A354D00C6EBA0 /* Vendors */,
			);
			sourceTree = "<group>";
		};
		3E4023DC1A149DC100355705 /* Products */ = {
			isa = PBXGroup;
			children = (
				3E4023DB1A149DC100355705 /* MyPro.app */,
				3E4023F01A149DC100355705 /* MyProTests.xctest */,
			);
			name = Products;
			sourceTree = "<group>";
		};
		3E4023DD1A149DC100355705 /* MyPro */ = {
			isa = PBXGroup;
			children = (
				3EDD24141A2AADAC00C6EBA0 /* MyPro.entitlements */,
				3E4023E21A149DC100355705 /* ViewController.swift */,
				3EE7B6EB1A2B53250081AC07 /* MainMenuVC.swift */,
				3E4023E41A149DC100355705 /* Main.storyboard */,
				3E4023E71A149DC100355705 /* Images.xcassets */,
				3E4023E91A149DC100355705 /* LaunchScreen.xib */,
				3E4023DE1A149DC100355705 /* Supporting Files */,
				3E58EDBE1A1595F60023BF89 /* MyPlayground.playground */,
			);
			path = MyPro;
			sourceTree = "<group>";
		};
		3E4023DE1A149DC100355705 /* Supporting Files */ = {
			isa = PBXGroup;
			children = (
				3E4023DF1A149DC100355705 /* Info.plist */,
			);
			name = "Supporting Files";
			sourceTree = "<group>";
		};
		3E4023F31A149DC100355705 /* MyProTests */ = {
			isa = PBXGroup;
			children = (
				3E4023F61A149DC100355705 /* MyProTests.swift */,
				3E4023F41A149DC100355705 /* Supporting Files */,
			);
			path = MyProTests;
			sourceTree = "<group>";
		};
		3E4023F41A149DC100355705 /* Supporting Files */ = {
			isa = PBXGroup;
			children = (
				3E4023F51A149DC100355705 /* Info.plist */,
			);
			name = "Supporting Files";
			sourceTree = "<group>";
		};
		3EDD23F91A2A348800C6EBA0 /* AppDelegate */ = {
			isa = PBXGroup;
			children = (
				3E4023E01A149DC100355705 /* AppDelegate.swift */,
				3EDD24011A2A36D700C6EBA0 /* AppDelegate_description.txt */,
			);
			name = AppDelegate;
			sourceTree = "<group>";
		};
		3EDD23FA1A2A349800C6EBA0 /* Models */ = {
			isa = PBXGroup;
			children = (
				3EDD240F1A2A388C00C6EBA0 /* Models_description.txt */,
			);
			name = Models;
			sourceTree = "<group>";
		};
		3EDD23FB1A2A34AA00C6EBA0 /* Macro */ = {
			isa = PBXGroup;
			children = (
				3EDD24071A2A37B400C6EBA0 /* Macro_description.txt */,
			);
			name = Macro;
			sourceTree = "<group>";
		};
		3EDD23FC1A2A34B600C6EBA0 /* General */ = {
			isa = PBXGroup;
			children = (
				3EDD24031A2A370B00C6EBA0 /* General_description.txt */,
				3EE7B6E81A2B51330081AC07 /* Categories */,
				3EE7B6E71A2B512D0081AC07 /* Classes */,
				3EE7B6E61A2B51230081AC07 /* Views */,
			);
			name = General;
			sourceTree = "<group>";
		};
		3EDD23FD1A2A354000C6EBA0 /* Helpers */ = {
			isa = PBXGroup;
			children = (
				3EDD24051A2A375F00C6EBA0 /* Helper_description.txt */,
			);
			name = Helpers;
			sourceTree = "<group>";
		};
		3EDD23FE1A2A354D00C6EBA0 /* Vendors */ = {
			isa = PBXGroup;
			children = (
				3EDD240D1A2A385E00C6EBA0 /* Vendors_description.txt */,
			);
			name = Vendors;
			sourceTree = "<group>";
		};
		3EDD23FF1A2A355700C6EBA0 /* Sections */ = {
			isa = PBXGroup;
			children = (
				3EDD240B1A2A383E00C6EBA0 /* Sections_description.txt */,
			);
			name = Sections;
			sourceTree = "<group>";
		};
		3EDD24001A2A356100C6EBA0 /* Resources */ = {
			isa = PBXGroup;
			children = (
				3EDD24111A2A398D00C6EBA0 /* icon_and_launchImage */,
				3EDD24091A2A381600C6EBA0 /* Resources_description.txt */,
			);
			name = Resources;
			sourceTree = "<group>";
		};
		3EDD24111A2A398D00C6EBA0 /* icon_and_launchImage */ = {
			isa = PBXGroup;
			children = (
				3EDD24121A2A39C500C6EBA0 /* icon@2x.png */,
			);
			name = icon_and_launchImage;
			sourceTree = "<group>";
		};
		3EE7B6E61A2B51230081AC07 /* Views */ = {
			isa = PBXGroup;
			children = (
			);
			name = Views;
			sourceTree = "<group>";
		};
		3EE7B6E71A2B512D0081AC07 /* Classes */ = {
			isa = PBXGroup;
			children = (
			);
			name = Classes;
			sourceTree = "<group>";
		};
		3EE7B6E81A2B51330081AC07 /* Categories */ = {
			isa = PBXGroup;
			children = (
			);
			name = Categories;
			sourceTree = "<group>";
		};
/* End PBXGroup section */

/* Begin PBXNativeTarget section */
		3E4023DA1A149DC100355705 /* MyPro */ = {
			isa = PBXNativeTarget;
			buildConfigurationList = 3E4023FA1A149DC100355705 /* Build configuration list for PBXNativeTarget "MyPro" */;
			buildPhases = (
				3E4023D71A149DC100355705 /* Sources */,
				3E4023D81A149DC100355705 /* Frameworks */,
				3E4023D91A149DC100355705 /* Resources */,
			);
			buildRules = (
			);
			dependencies = (
			);
			name = MyPro;
			productName = MyPro;
			productReference = 3E4023DB1A149DC100355705 /* MyPro.app */;
			productType = "com.apple.product-type.application";
		};
		3E4023EF1A149DC100355705 /* MyProTests */ = {
			isa = PBXNativeTarget;
			buildConfigurationList = 3E4023FD1A149DC100355705 /* Build configuration list for PBXNativeTarget "MyProTests" */;
			buildPhases = (
				3E4023EC1A149DC100355705 /* Sources */,
				3E4023ED1A149DC100355705 /* Frameworks */,
				3E4023EE1A149DC100355705 /* Resources */,
			);
			buildRules = (
			);
			dependencies = (
				3E4023F21A149DC100355705 /* PBXTargetDependency */,
			);
			name = MyProTests;
			productName = MyProTests;
			productReference = 3E4023F01A149DC100355705 /* MyProTests.xctest */;
			productType = "com.apple.product-type.bundle.unit-test";
		};
/* End PBXNativeTarget section */

/* Begin PBXProject section */
		3E4023D31A149DC100355705 /* Project object */ = {
			isa = PBXProject;
			attributes = {
				LastUpgradeCheck = 0610;
				ORGANIZATIONNAME = Anson;
				TargetAttributes = {
					3E4023DA1A149DC100355705 = {
						CreatedOnToolsVersion = 6.1;
						DevelopmentTeam = TK3A9ZZLUB;
						SystemCapabilities = {
							com.apple.iCloud = {
								enabled = 1;
							};
						};
					};
					3E4023EF1A149DC100355705 = {
						CreatedOnToolsVersion = 6.1;
						TestTargetID = 3E4023DA1A149DC100355705;
					};
				};
			};
			buildConfigurationList = 3E4023D61A149DC100355705 /* Build configuration list for PBXProject "MyPro" */;
			compatibilityVersion = "Xcode 3.2";
			developmentRegion = English;
			hasScannedForEncodings = 0;
			knownRegions = (
				en,
				Base,
			);
			mainGroup = 3E4023D21A149DC100355705;
			productRefGroup = 3E4023DC1A149DC100355705 /* Products */;
			projectDirPath = "";
			projectRoot = "";
			targets = (
				3E4023DA1A149DC100355705 /* MyPro */,
				3E4023EF1A149DC100355705 /* MyProTests */,
			);
		};
/* End PBXProject section */

/* Begin PBXResourcesBuildPhase section */
		3E4023D91A149DC100355705 /* Resources */ = {
			isa = PBXResourcesBuildPhase;
			buildActionMask = 2147483647;
			files = (
				3EDD24021A2A36D700C6EBA0 /* AppDelegate_description.txt in Resources */,
				3EDD240E1A2A385E00C6EBA0 /* Vendors_description.txt in Resources */,
				3E4023E61A149DC100355705 /* Main.storyboard in Resources */,
				3EDD240C1A2A383E00C6EBA0 /* Sections_description.txt in Resources */,
				3E4023EB1A149DC100355705 /* LaunchScreen.xib in Resources */,
				3EDD24131A2A39C500C6EBA0 /* icon@2x.png in Resources */,
				3EDD24061A2A375F00C6EBA0 /* Helper_description.txt in Resources */,
				3E4023E81A149DC100355705 /* Images.xcassets in Resources */,
				3EDD240A1A2A381600C6EBA0 /* Resources_description.txt in Resources */,
				3EDD24081A2A37B400C6EBA0 /* Macro_description.txt in Resources */,
				3EDD24041A2A370B00C6EBA0 /* General_description.txt in Resources */,
				3EDD24101A2A388C00C6EBA0 /* Models_description.txt in Resources */,
			);
			runOnlyForDeploymentPostprocessing = 0;
		};
		3E4023EE1A149DC100355705 /* Resources */ = {
			isa = PBXResourcesBuildPhase;
			buildActionMask = 2147483647;
			files = (
			);
			runOnlyForDeploymentPostprocessing = 0;
		};
/* End PBXResourcesBuildPhase section */

/* Begin PBXSourcesBuildPhase section */
		3E4023D71A149DC100355705 /* Sources */ = {
			isa = PBXSourcesBuildPhase;
			buildActionMask = 2147483647;
			files = (
				3E4023E31A149DC100355705 /* ViewController.swift in Sources */,
				3E4023E11A149DC100355705 /* AppDelegate.swift in Sources */,
				3EE7B6EC1A2B53250081AC07 /* MainMenuVC.swift in Sources */,
			);
			runOnlyForDeploymentPostprocessing = 0;
		};
		3E4023EC1A149DC100355705 /* Sources */ = {
			isa = PBXSourcesBuildPhase;
			buildActionMask = 2147483647;
			files = (
				3E4023F71A149DC100355705 /* MyProTests.swift in Sources */,
			);
			runOnlyForDeploymentPostprocessing = 0;
		};
/* End PBXSourcesBuildPhase section */

/* Begin PBXTargetDependency section */
		3E4023F21A149DC100355705 /* PBXTargetDependency */ = {
			isa = PBXTargetDependency;
			target = 3E4023DA1A149DC100355705 /* MyPro */;
			targetProxy = 3E4023F11A149DC100355705 /* PBXContainerItemProxy */;
		};
/* End PBXTargetDependency section */

/* Begin PBXVariantGroup section */
		3E4023E41A149DC100355705 /* Main.storyboard */ = {
			isa = PBXVariantGroup;
			children = (
				3E4023E51A149DC100355705 /* Base */,
			);
			name = Main.storyboard;
			sourceTree = "<group>";
		};
		3E4023E91A149DC100355705 /* LaunchScreen.xib */ = {
			isa = PBXVariantGroup;
			children = (
				3E4023EA1A149DC100355705 /* Base */,
			);
			name = LaunchScreen.xib;
			sourceTree = "<group>";
		};
/* End PBXVariantGroup section */

/* Begin XCBuildConfiguration section */
		3E4023F81A149DC100355705 /* Debug */ = {
			isa = XCBuildConfiguration;
			buildSettings = {
				ALWAYS_SEARCH_USER_PATHS = NO;
				CLANG_CXX_LANGUAGE_STANDARD = "gnu++0x";
				CLANG_CXX_LIBRARY = "libc++";
				CLANG_ENABLE_MODULES = YES;
				CLANG_ENABLE_OBJC_ARC = YES;
				CLANG_WARN_BOOL_CONVERSION = YES;
				CLANG_WARN_CONSTANT_CONVERSION = YES;
				CLANG_WARN_DIRECT_OBJC_ISA_USAGE = YES_ERROR;
				CLANG_WARN_EMPTY_BODY = YES;
				CLANG_WARN_ENUM_CONVERSION = YES;
				CLANG_WARN_INT_CONVERSION = YES;
				CLANG_WARN_OBJC_ROOT_CLASS = YES_ERROR;
				CLANG_WARN_UNREACHABLE_CODE = YES;
				CLANG_WARN__DUPLICATE_METHOD_MATCH = YES;
				"CODE_SIGN_IDENTITY[sdk=iphoneos*]" = "iPhone Developer";
				COPY_PHASE_STRIP = NO;
				ENABLE_STRICT_OBJC_MSGSEND = YES;
				GCC_C_LANGUAGE_STANDARD = gnu99;
				GCC_DYNAMIC_NO_PIC = NO;
				GCC_OPTIMIZATION_LEVEL = 0;
				GCC_PREPROCESSOR_DEFINITIONS = (
					"DEBUG=1",
					"$(inherited)",
				);
				GCC_SYMBOLS_PRIVATE_EXTERN = NO;
				GCC_WARN_64_TO_32_BIT_CONVERSION = YES;
				GCC_WARN_ABOUT_RETURN_TYPE = YES_ERROR;
				GCC_WARN_UNDECLARED_SELECTOR = YES;
				GCC_WARN_UNINITIALIZED_AUTOS = YES_AGGRESSIVE;
				GCC_WARN_UNUSED_FUNCTION = YES;
				GCC_WARN_UNUSED_VARIABLE = YES;
				IPHONEOS_DEPLOYMENT_TARGET = 8.1;
				MTL_ENABLE_DEBUG_INFO = YES;
				ONLY_ACTIVE_ARCH = YES;
				SDKROOT = iphoneos;
				SWIFT_OPTIMIZATION_LEVEL = "-Onone";
			};
			name = Debug;
		};
		3E4023F91A149DC100355705 /* Release */ = {
			isa = XCBuildConfiguration;
			buildSettings = {
				ALWAYS_SEARCH_USER_PATHS = NO;
				CLANG_CXX_LANGUAGE_STANDARD = "gnu++0x";
				CLANG_CXX_LIBRARY = "libc++";
				CLANG_ENABLE_MODULES = YES;
				CLANG_ENABLE_OBJC_ARC = YES;
				CLANG_WARN_BOOL_CONVERSION = YES;
				CLANG_WARN_CONSTANT_CONVERSION = YES;
				CLANG_WARN_DIRECT_OBJC_ISA_USAGE = YES_ERROR;
				CLANG_WARN_EMPTY_BODY = YES;
				CLANG_WARN_ENUM_CONVERSION = YES;
				CLANG_WARN_INT_CONVERSION = YES;
				CLANG_WARN_OBJC_ROOT_CLASS = YES_ERROR;
				CLANG_WARN_UNREACHABLE_CODE = YES;
				CLANG_WARN__DUPLICATE_METHOD_MATCH = YES;
				"CODE_SIGN_IDENTITY[sdk=iphoneos*]" = "iPhone Developer";
				COPY_PHASE_STRIP = YES;
				ENABLE_NS_ASSERTIONS = NO;
				ENABLE_STRICT_OBJC_MSGSEND = YES;
				GCC_C_LANGUAGE_STANDARD = gnu99;
				GCC_WARN_64_TO_32_BIT_CONVERSION = YES;
				GCC_WARN_ABOUT_RETURN_TYPE = YES_ERROR;
				GCC_WARN_UNDECLARED_SELECTOR = YES;
				GCC_WARN_UNINITIALIZED_AUTOS = YES_AGGRESSIVE;
				GCC_WARN_UNUSED_FUNCTION = YES;
				GCC_WARN_UNUSED_VARIABLE = YES;
				IPHONEOS_DEPLOYMENT_TARGET = 8.1;
				MTL_ENABLE_DEBUG_INFO = NO;
				SDKROOT = iphoneos;
				VALIDATE_PRODUCT = YES;
			};
			name = Release;
		};
		3E4023FB1A149DC100355705 /* Debug */ = {
			isa = XCBuildConfiguration;
			buildSettings = {
				ASSETCATALOG_COMPILER_APPICON_NAME = AppIcon;
				CODE_SIGN_ENTITLEMENTS = MyPro/MyPro.entitlements;
				CODE_SIGN_IDENTITY = "iPhone Developer";
				"CODE_SIGN_IDENTITY[sdk=iphoneos*]" = "iPhone Developer";
				INFOPLIST_FILE = MyPro/Info.plist;
				LD_RUNPATH_SEARCH_PATHS = "$(inherited) @executable_path/Frameworks";
				PRODUCT_NAME = "$(TARGET_NAME)";
				PROVISIONING_PROFILE = "";
			};
			name = Debug;
		};
		3E4023FC1A149DC100355705 /* Release */ = {
			isa = XCBuildConfiguration;
			buildSettings = {
				ASSETCATALOG_COMPILER_APPICON_NAME = AppIcon;
				CODE_SIGN_ENTITLEMENTS = MyPro/MyPro.entitlements;
				CODE_SIGN_IDENTITY = "iPhone Developer";
				"CODE_SIGN_IDENTITY[sdk=iphoneos*]" = "iPhone Developer";
				INFOPLIST_FILE = MyPro/Info.plist;
				LD_RUNPATH_SEARCH_PATHS = "$(inherited) @executable_path/Frameworks";
				PRODUCT_NAME = "$(TARGET_NAME)";
				PROVISIONING_PROFILE = "";
			};
			name = Release;
		};
		3E4023FE1A149DC100355705 /* Debug */ = {
			isa = XCBuildConfiguration;
			buildSettings = {
				BUNDLE_LOADER = "$(TEST_HOST)";
				FRAMEWORK_SEARCH_PATHS = (
					"$(SDKROOT)/Developer/Library/Frameworks",
					"$(inherited)",
				);
				GCC_PREPROCESSOR_DEFINITIONS = (
					"DEBUG=1",
					"$(inherited)",
				);
				INFOPLIST_FILE = MyProTests/Info.plist;
				LD_RUNPATH_SEARCH_PATHS = "$(inherited) @executable_path/Frameworks @loader_path/Frameworks";
				PRODUCT_NAME = "$(TARGET_NAME)";
				TEST_HOST = "$(BUILT_PRODUCTS_DIR)/MyPro.app/MyPro";
			};
			name = Debug;
		};
		3E4023FF1A149DC100355705 /* Release */ = {
			isa = XCBuildConfiguration;
			buildSettings = {
				BUNDLE_LOADER = "$(TEST_HOST)";
				FRAMEWORK_SEARCH_PATHS = (
					"$(SDKROOT)/Developer/Library/Frameworks",
					"$(inherited)",
				);
				INFOPLIST_FILE = MyProTests/Info.plist;
				LD_RUNPATH_SEARCH_PATHS = "$(inherited) @executable_path/Frameworks @loader_path/Frameworks";
				PRODUCT_NAME = "$(TARGET_NAME)";
				TEST_HOST = "$(BUILT_PRODUCTS_DIR)/MyPro.app/MyPro";
			};
			name = Release;
		};
/* End XCBuildConfiguration section */

/* Begin XCConfigurationList section */
		3E4023D61A149DC100355705 /* Build configuration list for PBXProject "MyPro" */ = {
			isa = XCConfigurationList;
			buildConfigurations = (
				3E4023F81A149DC100355705 /* Debug */,
				3E4023F91A149DC100355705 /* Release */,
			);
			defaultConfigurationIsVisible = 0;
			defaultConfigurationName = Release;
		};
		3E4023FA1A149DC100355705 /* Build configuration list for PBXNativeTarget "MyPro" */ = {
			isa = XCConfigurationList;
			buildConfigurations = (
				3E4023FB1A149DC100355705 /* Debug */,
				3E4023FC1A149DC100355705 /* Release */,
			);
			defaultConfigurationIsVisible = 0;
			defaultConfigurationName = Release;
		};
		3E4023FD1A149DC100355705 /* Build configuration list for PBXNativeTarget "MyProTests" */ = {
			isa = XCConfigurationList;
			buildConfigurations = (
				3E4023FE1A149DC100355705 /* Debug */,
				3E4023FF1A149DC100355705 /* Release */,
			);
			defaultConfigurationIsVisible = 0;
			defaultConfigurationName = Release;
		};
/* End XCConfigurationList section */
	};
	rootObject = 3E4023D31A149DC100355705 /* Project object */;
}
